
Microsoft Visual Studio Solution File, Format Version 12.00
# Visual Studio Version 16
VisualStudioVersion = 16.0.30225.117
MinimumVisualStudioVersion = 10.0.40219.1
Project("{FAE04EC0-301F-11D3-BF4B-00C04F79EFBC}") = "IPCS_Lab5", "IPCS_Lab5.csproj", "{861A525B-95E0-4D1F-9FBD-D1C36FD0B24C}"
EndProject
Global
	GlobalSection(SolutionConfigurationPlatforms) = preSolution
		Debug|Any CPU = Debug|Any CPU
		Release|Any CPU = Release|Any CPU
	EndGlobalSection
	GlobalSection(ProjectConfigurationPlatforms) = postSolution
		{861A525B-95E0-4D1F-9FBD-D1C36FD0B24C}.Debug|Any CPU.ActiveCfg = Debug|Any CPU
		{861A525B-95E0-4D1F-9FBD-D1C36FD0B24C}.Debug|Any CPU.Build.0 = Debug|Any CPU
		{861A525B-95E0-4D1F-9FBD-D1C36FD0B24C}.Release|Any CPU.ActiveCfg = Release|Any CPU
		{861A525B-95E0-4D1F-9FBD-D1C36FD0B24C}.Release|Any CPU.Build.0 = Release|Any CPU
	EndGlobalSection
	GlobalSection(SolutionProperties) = preSolution
		HideSolutionNode = FALSE
	EndGlobalSection
	GlobalSection(ExtensibilityGlobals) = postSolution
		SolutionGuid = {60F70EC9-D6BE-48A7-A5C2-384573C0E003}
	EndGlobalSection
EndGlobal
